
Microsoft Visual Studio Solution File, Format Version 12.00
# Visual Studio 15
VisualStudioVersion = 15.0.28307.489
MinimumVisualStudioVersion = 10.0.40219.1
Project("{FAE04EC0-301F-11D3-BF4B-00C04F79EFBC}") = "XamarinSQLiteTest", "XamarinSQLiteTest\XamarinSQLiteTest\XamarinSQLiteTest.csproj", "{5FDF409C-7E9D-47D9-ABC6-463585A800DF}"
EndProject
Project("{FAE04EC0-301F-11D3-BF4B-00C04F79EFBC}") = "XamarinSQLiteTest.Android", "XamarinSQLiteTest\XamarinSQLiteTest.Android\XamarinSQLiteTest.Android.csproj", "{116DE61A-CD3E-4F53-92BF-9C5C8E57893A}"
EndProject
Project("{FAE04EC0-301F-11D3-BF4B-00C04F79EFBC}") = "XamarinSQLiteTest.iOS", "XamarinSQLiteTest\XamarinSQLiteTest.iOS\XamarinSQLiteTest.iOS.csproj", "{EE2C033F-9898-4863-AD4A-5C65AFFFF803}"
EndProject
Project("{FAE04EC0-301F-11D3-BF4B-00C04F79EFBC}") = "XamarinSQLiteTest.UWP", "XamarinSQLiteTest\XamarinSQLiteTest.UWP\XamarinSQLiteTest.UWP.csproj", "{630FB747-8869-4030-8550-D5017774C40B}"
EndProject
Global
	GlobalSection(SolutionConfigurationPlatforms) = preSolution
		Ad-Hoc|Any CPU = Ad-Hoc|Any CPU
		Ad-Hoc|ARM = Ad-Hoc|ARM
		Ad-Hoc|iPhone = Ad-Hoc|iPhone
		Ad-Hoc|iPhoneSimulator = Ad-Hoc|iPhoneSimulator
		Ad-Hoc|x64 = Ad-Hoc|x64
		Ad-Hoc|x86 = Ad-Hoc|x86
		AppStore|Any CPU = AppStore|Any CPU
		AppStore|ARM = AppStore|ARM
		AppStore|iPhone = AppStore|iPhone
		AppStore|iPhoneSimulator = AppStore|iPhoneSimulator
		AppStore|x64 = AppStore|x64
		AppStore|x86 = AppStore|x86
		Debug|Any CPU = Debug|Any CPU
		Debug|ARM = Debug|ARM
		Debug|iPhone = Debug|iPhone
		Debug|iPhoneSimulator = Debug|iPhoneSimulator
		Debug|x64 = Debug|x64
		Debug|x86 = Debug|x86
		Release|Any CPU = Release|Any CPU
		Release|ARM = Release|ARM
		Release|iPhone = Release|iPhone
		Release|iPhoneSimulator = Release|iPhoneSimulator
		Release|x64 = Release|x64
		Release|x86 = Release|x86
	EndGlobalSection
	GlobalSection(ProjectConfigurationPlatforms) = postSolution
		{5FDF409C-7E9D-47D9-ABC6-463585A800DF}.Ad-Hoc|Any CPU.ActiveCfg = Debug|Any CPU
		{5FDF409C-7E9D-47D9-ABC6-463585A800DF}.Ad-Hoc|Any CPU.Build.0 = Debug|Any CPU
		{5FDF409C-7E9D-47D9-ABC6-463585A800DF}.Ad-Hoc|ARM.ActiveCfg = Debug|Any CPU
		{5FDF409C-7E9D-47D9-ABC6-463585A800DF}.Ad-Hoc|ARM.Build.0 = Debug|Any CPU
		{5FDF409C-7E9D-47D9-ABC6-463585A800DF}.Ad-Hoc|iPhone.ActiveCfg = Debug|Any CPU
		{5FDF409C-7E9D-47D9-ABC6-463585A800DF}.Ad-Hoc|iPhone.Build.0 = Debug|Any CPU
		{5FDF409C-7E9D-47D9-ABC6-463585A800DF}.Ad-Hoc|iPhoneSimulator.ActiveCfg = Debug|Any CPU
		{5FDF409C-7E9D-47D9-ABC6-463585A800DF}.Ad-Hoc|iPhoneSimulator.Build.0 = Debug|Any CPU
		{5FDF409C-7E9D-47D9-ABC6-463585A800DF}.Ad-Hoc|x64.ActiveCfg = Debug|Any CPU
		{5FDF409C-7E9D-47D9-ABC6-463585A800DF}.Ad-Hoc|x64.Build.0 = Debug|Any CPU
		{5FDF409C-7E9D-47D9-ABC6-463585A800DF}.Ad-Hoc|x86.ActiveCfg = Debug|Any CPU
		{5FDF409C-7E9D-47D9-ABC6-463585A800DF}.Ad-Hoc|x86.Build.0 = Debug|Any CPU
		{5FDF409C-7E9D-47D9-ABC6-463585A800DF}.AppStore|Any CPU.ActiveCfg = Debug|Any CPU
		{5FDF409C-7E9D-47D9-ABC6-463585A800DF}.AppStore|Any CPU.Build.0 = Debug|Any CPU
		{5FDF409C-7E9D-47D9-ABC6-463585A800DF}.AppStore|ARM.ActiveCfg = Debug|Any CPU
		{5FDF409C-7E9D-47D9-ABC6-463585A800DF}.AppStore|ARM.Build.0 = Debug|Any CPU
		{5FDF409C-7E9D-47D9-ABC6-463585A800DF}.AppStore|iPhone.ActiveCfg = Debug|Any CPU
		{5FDF409C-7E9D-47D9-ABC6-463585A800DF}.AppStore|iPhone.Build.0 = Debug|Any CPU
		{5FDF409C-7E9D-47D9-ABC6-463585A800DF}.AppStore|iPhoneSimulator.ActiveCfg = Debug|Any CPU
		{5FDF409C-7E9D-47D9-ABC6-463585A800DF}.AppStore|iPhoneSimulator.Build.0 = Debug|Any CPU
		{5FDF409C-7E9D-47D9-ABC6-463585A800DF}.AppStore|x64.ActiveCfg = Debug|Any CPU
		{5FDF409C-7E9D-47D9-ABC6-463585A800DF}.AppStore|x64.Build.0 = Debug|Any CPU
		{5FDF409C-7E9D-47D9-ABC6-463585A800DF}.AppStore|x86.ActiveCfg = Debug|Any CPU
		{5FDF409C-7E9D-47D9-ABC6-463585A800DF}.AppStore|x86.Build.0 = Debug|Any CPU
		{5FDF409C-7E9D-47D9-ABC6-463585A800DF}.Debug|Any CPU.ActiveCfg = Debug|Any CPU
		{5FDF409C-7E9D-47D9-ABC6-463585A800DF}.Debug|Any CPU.Build.0 = Debug|Any CPU
		{5FDF409C-7E9D-47D9-ABC6-463585A800DF}.Debug|ARM.ActiveCfg = Debug|Any CPU
		{5FDF409C-7E9D-47D9-ABC6-463585A800DF}.Debug|ARM.Build.0 = Debug|Any CPU
		{5FDF409C-7E9D-47D9-ABC6-463585A800DF}.Debug|iPhone.ActiveCfg = Debug|Any CPU
		{5FDF409C-7E9D-47D9-ABC6-463585A800DF}.Debug|iPhone.Build.0 = Debug|Any CPU
		{5FDF409C-7E9D-47D9-ABC6-463585A800DF}.Debug|iPhoneSimulator.ActiveCfg = Debug|Any CPU
		{5FDF409C-7E9D-47D9-ABC6-463585A800DF}.Debug|iPhoneSimulator.Build.0 = Debug|Any CPU
		{5FDF409C-7E9D-47D9-ABC6-463585A800DF}.Debug|x64.ActiveCfg = Debug|Any CPU
		{5FDF409C-7E9D-47D9-ABC6-463585A800DF}.Debug|x64.Build.0 = Debug|Any CPU
		{5FDF409C-7E9D-47D9-ABC6-463585A800DF}.Debug|x86.ActiveCfg = Debug|Any CPU
		{5FDF409C-7E9D-47D9-ABC6-463585A800DF}.Debug|x86.Build.0 = Debug|Any CPU
		{5FDF409C-7E9D-47D9-ABC6-463585A800DF}.Release|Any CPU.ActiveCfg = Release|Any CPU
		{5FDF409C-7E9D-47D9-ABC6-463585A800DF}.Release|Any CPU.Build.0 = Release|Any CPU
		{5FDF409C-7E9D-47D9-ABC6-463585A800DF}.Release|ARM.ActiveCfg = Release|Any CPU
		{5FDF409C-7E9D-47D9-ABC6-463585A800DF}.Release|ARM.Build.0 = Release|Any CPU
		{5FDF409C-7E9D-47D9-ABC6-463585A800DF}.Release|iPhone.ActiveCfg = Release|Any CPU
		{5FDF409C-7E9D-47D9-ABC6-463585A800DF}.Release|iPhone.Build.0 = Release|Any CPU
		{5FDF409C-7E9D-47D9-ABC6-463585A800DF}.Release|iPhoneSimulator.ActiveCfg = Release|Any CPU
		{5FDF409C-7E9D-47D9-ABC6-463585A800DF}.Release|iPhoneSimulator.Build.0 = Release|Any CPU
		{5FDF409C-7E9D-47D9-ABC6-463585A800DF}.Release|x64.ActiveCfg = Release|Any CPU
		{5FDF409C-7E9D-47D9-ABC6-463585A800DF}.Release|x64.Build.0 = Release|Any CPU
		{5FDF409C-7E9D-47D9-ABC6-463585A800DF}.Release|x86.ActiveCfg = Release|Any CPU
		{5FDF409C-7E9D-47D9-ABC6-463585A800DF}.Release|x86.Build.0 = Release|Any CPU
		{116DE61A-CD3E-4F53-92BF-9C5C8E57893A}.Ad-Hoc|Any CPU.ActiveCfg = Release|Any CPU
		{116DE61A-CD3E-4F53-92BF-9C5C8E57893A}.Ad-Hoc|Any CPU.Build.0 = Release|Any CPU
		{116DE61A-CD3E-4F53-92BF-9C5C8E57893A}.Ad-Hoc|Any CPU.Deploy.0 = Release|Any CPU
		{116DE61A-CD3E-4F53-92BF-9C5C8E57893A}.Ad-Hoc|ARM.ActiveCfg = Release|Any CPU
		{116DE61A-CD3E-4F53-92BF-9C5C8E57893A}.Ad-Hoc|ARM.Build.0 = Release|Any CPU
		{116DE61A-CD3E-4F53-92BF-9C5C8E57893A}.Ad-Hoc|ARM.Deploy.0 = Release|Any CPU
		{116DE61A-CD3E-4F53-92BF-9C5C8E57893A}.Ad-Hoc|iPhone.ActiveCfg = Release|Any CPU
		{116DE61A-CD3E-4F53-92BF-9C5C8E57893A}.Ad-Hoc|iPhone.Build.0 = Release|Any CPU
		{116DE61A-CD3E-4F53-92BF-9C5C8E57893A}.Ad-Hoc|iPhone.Deploy.0 = Release|Any CPU
		{116DE61A-CD3E-4F53-92BF-9C5C8E57893A}.Ad-Hoc|iPhoneSimulator.ActiveCfg = Release|Any CPU
		{116DE61A-CD3E-4F53-92BF-9C5C8E57893A}.Ad-Hoc|iPhoneSimulator.Build.0 = Release|Any CPU
		{116DE61A-CD3E-4F53-92BF-9C5C8E57893A}.Ad-Hoc|iPhoneSimulator.Deploy.0 = Release|Any CPU
		{116DE61A-CD3E-4F53-92BF-9C5C8E57893A}.Ad-Hoc|x64.ActiveCfg = Release|Any CPU
		{116DE61A-CD3E-4F53-92BF-9C5C8E57893A}.Ad-Hoc|x64.Build.0 = Release|Any CPU
		{116DE61A-CD3E-4F53-92BF-9C5C8E57893A}.Ad-Hoc|x64.Deploy.0 = Release|Any CPU
		{116DE61A-CD3E-4F53-92BF-9C5C8E57893A}.Ad-Hoc|x86.ActiveCfg = Release|Any CPU
		{116DE61A-CD3E-4F53-92BF-9C5C8E57893A}.Ad-Hoc|x86.Build.0 = Release|Any CPU
		{116DE61A-CD3E-4F53-92BF-9C5C8E57893A}.Ad-Hoc|x86.Deploy.0 = Release|Any CPU
		{116DE61A-CD3E-4F53-92BF-9C5C8E57893A}.AppStore|Any CPU.ActiveCfg = Release|Any CPU
		{116DE61A-CD3E-4F53-92BF-9C5C8E57893A}.AppStore|Any CPU.Build.0 = Release|Any CPU
		{116DE61A-CD3E-4F53-92BF-9C5C8E57893A}.AppStore|Any CPU.Deploy.0 = Release|Any CPU
		{116DE61A-CD3E-4F53-92BF-9C5C8E57893A}.AppStore|ARM.ActiveCfg = Release|Any CPU
		{116DE61A-CD3E-4F53-92BF-9C5C8E57893A}.AppStore|ARM.Build.0 = Release|Any CPU
		{116DE61A-CD3E-4F53-92BF-9C5C8E57893A}.AppStore|ARM.Deploy.0 = Release|Any CPU
		{116DE61A-CD3E-4F53-92BF-9C5C8E57893A}.AppStore|iPhone.ActiveCfg = Release|Any CPU
		{116DE61A-CD3E-4F53-92BF-9C5C8E57893A}.AppStore|iPhone.Build.0 = Release|Any CPU
		{116DE61A-CD3E-4F53-92BF-9C5C8E57893A}.AppStore|iPhone.Deploy.0 = Release|Any CPU
		{116DE61A-CD3E-4F53-92BF-9C5C8E57893A}.AppStore|iPhoneSimulator.ActiveCfg = Release|Any CPU
		{116DE61A-CD3E-4F53-92BF-9C5C8E57893A}.AppStore|iPhoneSimulator.Build.0 = Release|Any CPU
		{116DE61A-CD3E-4F53-92BF-9C5C8E57893A}.AppStore|iPhoneSimulator.Deploy.0 = Release|Any CPU
		{116DE61A-CD3E-4F53-92BF-9C5C8E57893A}.AppStore|x64.ActiveCfg = Release|Any CPU
		{116DE61A-CD3E-4F53-92BF-9C5C8E57893A}.AppStore|x64.Build.0 = Release|Any CPU
		{116DE61A-CD3E-4F53-92BF-9C5C8E57893A}.AppStore|x64.Deploy.0 = Release|Any CPU
		{116DE61A-CD3E-4F53-92BF-9C5C8E57893A}.AppStore|x86.ActiveCfg = Release|Any CPU
		{116DE61A-CD3E-4F53-92BF-9C5C8E57893A}.AppStore|x86.Build.0 = Release|Any CPU
		{116DE61A-CD3E-4F53-92BF-9C5C8E57893A}.AppStore|x86.Deploy.0 = Release|Any CPU
		{116DE61A-CD3E-4F53-92BF-9C5C8E57893A}.Debug|Any CPU.ActiveCfg = Debug|Any CPU
		{116DE61A-CD3E-4F53-92BF-9C5C8E57893A}.Debug|Any CPU.Build.0 = Debug|Any CPU
		{116DE61A-CD3E-4F53-92BF-9C5C8E57893A}.Debug|Any CPU.Deploy.0 = Debug|Any CPU
		{116DE61A-CD3E-4F53-92BF-9C5C8E57893A}.Debug|ARM.ActiveCfg = Debug|Any CPU
		{116DE61A-CD3E-4F53-92BF-9C5C8E57893A}.Debug|ARM.Build.0 = Debug|Any CPU
		{116DE61A-CD3E-4F53-92BF-9C5C8E57893A}.Debug|ARM.Deploy.0 = Debug|Any CPU
		{116DE61A-CD3E-4F53-92BF-9C5C8E57893A}.Debug|iPhone.ActiveCfg = Debug|Any CPU
		{116DE61A-CD3E-4F53-92BF-9C5C8E57893A}.Debug|iPhone.Build.0 = Debug|Any CPU
		{116DE61A-CD3E-4F53-92BF-9C5C8E57893A}.Debug|iPhone.Deploy.0 = Debug|Any CPU
		{116DE61A-CD3E-4F53-92BF-9C5C8E57893A}.Debug|iPhoneSimulator.ActiveCfg = Debug|Any CPU
		{116DE61A-CD3E-4F53-92BF-9C5C8E57893A}.Debug|iPhoneSimulator.Build.0 = Debug|Any CPU
		{116DE61A-CD3E-4F53-92BF-9C5C8E57893A}.Debug|iPhoneSimulator.Deploy.0 = Debug|Any CPU
		{116DE61A-CD3E-4F53-92BF-9C5C8E57893A}.Debug|x64.ActiveCfg = Debug|Any CPU
		{116DE61A-CD3E-4F53-92BF-9C5C8E57893A}.Debug|x64.Build.0 = Debug|Any CPU
		{116DE61A-CD3E-4F53-92BF-9C5C8E57893A}.Debug|x64.Deploy.0 = Debug|Any CPU
		{116DE61A-CD3E-4F53-92BF-9C5C8E57893A}.Debug|x86.ActiveCfg = Debug|Any CPU
		{116DE61A-CD3E-4F53-92BF-9C5C8E57893A}.Debug|x86.Build.0 = Debug|Any CPU
		{116DE61A-CD3E-4F53-92BF-9C5C8E57893A}.Debug|x86.Deploy.0 = Debug|Any CPU
		{116DE61A-CD3E-4F53-92BF-9C5C8E57893A}.Release|Any CPU.ActiveCfg = Release|Any CPU
		{116DE61A-CD3E-4F53-92BF-9C5C8E57893A}.Release|Any CPU.Build.0 = Release|Any CPU
		{116DE61A-CD3E-4F53-92BF-9C5C8E57893A}.Release|Any CPU.Deploy.0 = Release|Any CPU
		{116DE61A-CD3E-4F53-92BF-9C5C8E57893A}.Release|ARM.ActiveCfg = Release|Any CPU
		{116DE61A-CD3E-4F53-92BF-9C5C8E57893A}.Release|ARM.Build.0 = Release|Any CPU
		{116DE61A-CD3E-4F53-92BF-9C5C8E57893A}.Release|ARM.Deploy.0 = Release|Any CPU
		{116DE61A-CD3E-4F53-92BF-9C5C8E57893A}.Release|iPhone.ActiveCfg = Release|Any CPU
		{116DE61A-CD3E-4F53-92BF-9C5C8E57893A}.Release|iPhone.Build.0 = Release|Any CPU
		{116DE61A-CD3E-4F53-92BF-9C5C8E57893A}.Release|iPhone.Deploy.0 = Release|Any CPU
		{116DE61A-CD3E-4F53-92BF-9C5C8E57893A}.Release|iPhoneSimulator.ActiveCfg = Release|Any CPU
		{116DE61A-CD3E-4F53-92BF-9C5C8E57893A}.Release|iPhoneSimulator.Build.0 = Release|Any CPU
		{116DE61A-CD3E-4F53-92BF-9C5C8E57893A}.Release|iPhoneSimulator.Deploy.0 = Release|Any CPU
		{116DE61A-CD3E-4F53-92BF-9C5C8E57893A}.Release|x64.ActiveCfg = Release|Any CPU
		{116DE61A-CD3E-4F53-92BF-9C5C8E57893A}.Release|x64.Build.0 = Release|Any CPU
		{116DE61A-CD3E-4F53-92BF-9C5C8E57893A}.Release|x64.Deploy.0 = Release|Any CPU
		{116DE61A-CD3E-4F53-92BF-9C5C8E57893A}.Release|x86.ActiveCfg = Release|Any CPU
		{116DE61A-CD3E-4F53-92BF-9C5C8E57893A}.Release|x86.Build.0 = Release|Any CPU
		{116DE61A-CD3E-4F53-92BF-9C5C8E57893A}.Release|x86.Deploy.0 = Release|Any CPU
		{EE2C033F-9898-4863-AD4A-5C65AFFFF803}.Ad-Hoc|Any CPU.ActiveCfg = Ad-Hoc|iPhone
		{EE2C033F-9898-4863-AD4A-5C65AFFFF803}.Ad-Hoc|ARM.ActiveCfg = Ad-Hoc|iPhone
		{EE2C033F-9898-4863-AD4A-5C65AFFFF803}.Ad-Hoc|iPhone.ActiveCfg = Ad-Hoc|iPhone
		{EE2C033F-9898-4863-AD4A-5C65AFFFF803}.Ad-Hoc|iPhone.Build.0 = Ad-Hoc|iPhone
		{EE2C033F-9898-4863-AD4A-5C65AFFFF803}.Ad-Hoc|iPhoneSimulator.ActiveCfg = Ad-Hoc|iPhoneSimulator
		{EE2C033F-9898-4863-AD4A-5C65AFFFF803}.Ad-Hoc|iPhoneSimulator.Build.0 = Ad-Hoc|iPhoneSimulator
		{EE2C033F-9898-4863-AD4A-5C65AFFFF803}.Ad-Hoc|x64.ActiveCfg = Ad-Hoc|iPhone
		{EE2C033F-9898-4863-AD4A-5C65AFFFF803}.Ad-Hoc|x86.ActiveCfg = Ad-Hoc|iPhone
		{EE2C033F-9898-4863-AD4A-5C65AFFFF803}.AppStore|Any CPU.ActiveCfg = AppStore|iPhone
		{EE2C033F-9898-4863-AD4A-5C65AFFFF803}.AppStore|ARM.ActiveCfg = AppStore|iPhone
		{EE2C033F-9898-4863-AD4A-5C65AFFFF803}.AppStore|iPhone.ActiveCfg = AppStore|iPhone
		{EE2C033F-9898-4863-AD4A-5C65AFFFF803}.AppStore|iPhone.Build.0 = AppStore|iPhone
		{EE2C033F-9898-4863-AD4A-5C65AFFFF803}.AppStore|iPhoneSimulator.ActiveCfg = AppStore|iPhoneSimulator
		{EE2C033F-9898-4863-AD4A-5C65AFFFF803}.AppStore|iPhoneSimulator.Build.0 = AppStore|iPhoneSimulator
		{EE2C033F-9898-4863-AD4A-5C65AFFFF803}.AppStore|x64.ActiveCfg = AppStore|iPhone
		{EE2C033F-9898-4863-AD4A-5C65AFFFF803}.AppStore|x86.ActiveCfg = AppStore|iPhone
		{EE2C033F-9898-4863-AD4A-5C65AFFFF803}.Debug|Any CPU.ActiveCfg = Debug|iPhone
		{EE2C033F-9898-4863-AD4A-5C65AFFFF803}.Debug|ARM.ActiveCfg = Debug|iPhone
		{EE2C033F-9898-4863-AD4A-5C65AFFFF803}.Debug|iPhone.ActiveCfg = Debug|iPhone
		{EE2C033F-9898-4863-AD4A-5C65AFFFF803}.Debug|iPhone.Build.0 = Debug|iPhone
		{EE2C033F-9898-4863-AD4A-5C65AFFFF803}.Debug|iPhoneSimulator.ActiveCfg = Debug|iPhoneSimulator
		{EE2C033F-9898-4863-AD4A-5C65AFFFF803}.Debug|iPhoneSimulator.Build.0 = Debug|iPhoneSimulator
		{EE2C033F-9898-4863-AD4A-5C65AFFFF803}.Debug|x64.ActiveCfg = Debug|iPhone
		{EE2C033F-9898-4863-AD4A-5C65AFFFF803}.Debug|x86.ActiveCfg = Debug|iPhone
		{EE2C033F-9898-4863-AD4A-5C65AFFFF803}.Release|Any CPU.ActiveCfg = Release|iPhone
		{EE2C033F-9898-4863-AD4A-5C65AFFFF803}.Release|ARM.ActiveCfg = Release|iPhone
		{EE2C033F-9898-4863-AD4A-5C65AFFFF803}.Release|iPhone.ActiveCfg = Release|iPhone
		{EE2C033F-9898-4863-AD4A-5C65AFFFF803}.Release|iPhone.Build.0 = Release|iPhone
		{EE2C033F-9898-4863-AD4A-5C65AFFFF803}.Release|iPhoneSimulator.ActiveCfg = Release|iPhoneSimulator
		{EE2C033F-9898-4863-AD4A-5C65AFFFF803}.Release|iPhoneSimulator.Build.0 = Release|iPhoneSimulator
		{EE2C033F-9898-4863-AD4A-5C65AFFFF803}.Release|x64.ActiveCfg = Release|iPhone
		{EE2C033F-9898-4863-AD4A-5C65AFFFF803}.Release|x86.ActiveCfg = Release|iPhone
		{630FB747-8869-4030-8550-D5017774C40B}.Ad-Hoc|Any CPU.ActiveCfg = Release|x86
		{630FB747-8869-4030-8550-D5017774C40B}.Ad-Hoc|Any CPU.Build.0 = Release|x86
		{630FB747-8869-4030-8550-D5017774C40B}.Ad-Hoc|Any CPU.Deploy.0 = Release|x86
		{630FB747-8869-4030-8550-D5017774C40B}.Ad-Hoc|ARM.ActiveCfg = Release|ARM
		{630FB747-8869-4030-8550-D5017774C40B}.Ad-Hoc|ARM.Build.0 = Release|ARM
		{630FB747-8869-4030-8550-D5017774C40B}.Ad-Hoc|ARM.Deploy.0 = Release|ARM
		{630FB747-8869-4030-8550-D5017774C40B}.Ad-Hoc|iPhone.ActiveCfg = Release|x86
		{630FB747-8869-4030-8550-D5017774C40B}.Ad-Hoc|iPhone.Build.0 = Release|x86
		{630FB747-8869-4030-8550-D5017774C40B}.Ad-Hoc|iPhone.Deploy.0 = Release|x86
		{630FB747-8869-4030-8550-D5017774C40B}.Ad-Hoc|iPhoneSimulator.ActiveCfg = Release|x86
		{630FB747-8869-4030-8550-D5017774C40B}.Ad-Hoc|iPhoneSimulator.Build.0 = Release|x86
		{630FB747-8869-4030-8550-D5017774C40B}.Ad-Hoc|iPhoneSimulator.Deploy.0 = Release|x86
		{630FB747-8869-4030-8550-D5017774C40B}.Ad-Hoc|x64.ActiveCfg = Release|x64
		{630FB747-8869-4030-8550-D5017774C40B}.Ad-Hoc|x64.Build.0 = Release|x64
		{630FB747-8869-4030-8550-D5017774C40B}.Ad-Hoc|x64.Deploy.0 = Release|x64
		{630FB747-8869-4030-8550-D5017774C40B}.Ad-Hoc|x86.ActiveCfg = Release|x86
		{630FB747-8869-4030-8550-D5017774C40B}.Ad-Hoc|x86.Build.0 = Release|x86
		{630FB747-8869-4030-8550-D5017774C40B}.Ad-Hoc|x86.Deploy.0 = Release|x86
		{630FB747-8869-4030-8550-D5017774C40B}.AppStore|Any CPU.ActiveCfg = Release|x86
		{630FB747-8869-4030-8550-D5017774C40B}.AppStore|Any CPU.Build.0 = Release|x86
		{630FB747-8869-4030-8550-D5017774C40B}.AppStore|Any CPU.Deploy.0 = Release|x86
		{630FB747-8869-4030-8550-D5017774C40B}.AppStore|ARM.ActiveCfg = Release|ARM
		{630FB747-8869-4030-8550-D5017774C40B}.AppStore|ARM.Build.0 = Release|ARM
		{630FB747-8869-4030-8550-D5017774C40B}.AppStore|ARM.Deploy.0 = Release|ARM
		{630FB747-8869-4030-8550-D5017774C40B}.AppStore|iPhone.ActiveCfg = Release|x86
		{630FB747-8869-4030-8550-D5017774C40B}.AppStore|iPhone.Build.0 = Release|x86
		{630FB747-8869-4030-8550-D5017774C40B}.AppStore|iPhone.Deploy.0 = Release|x86
		{630FB747-8869-4030-8550-D5017774C40B}.AppStore|iPhoneSimulator.ActiveCfg = Release|x86
		{630FB747-8869-4030-8550-D5017774C40B}.AppStore|iPhoneSimulator.Build.0 = Release|x86
		{630FB747-8869-4030-8550-D5017774C40B}.AppStore|iPhoneSimulator.Deploy.0 = Release|x86
		{630FB747-8869-4030-8550-D5017774C40B}.AppStore|x64.ActiveCfg = Release|x64
		{630FB747-8869-4030-8550-D5017774C40B}.AppStore|x64.Build.0 = Release|x64
		{630FB747-8869-4030-8550-D5017774C40B}.AppStore|x64.Deploy.0 = Release|x64
		{630FB747-8869-4030-8550-D5017774C40B}.AppStore|x86.ActiveCfg = Release|x86
		{630FB747-8869-4030-8550-D5017774C40B}.AppStore|x86.Build.0 = Release|x86
		{630FB747-8869-4030-8550-D5017774C40B}.AppStore|x86.Deploy.0 = Release|x86
		{630FB747-8869-4030-8550-D5017774C40B}.Debug|Any CPU.ActiveCfg = Debug|x86
		{630FB747-8869-4030-8550-D5017774C40B}.Debug|ARM.ActiveCfg = Debug|ARM
		{630FB747-8869-4030-8550-D5017774C40B}.Debug|ARM.Build.0 = Debug|ARM
		{630FB747-8869-4030-8550-D5017774C40B}.Debug|ARM.Deploy.0 = Debug|ARM
		{630FB747-8869-4030-8550-D5017774C40B}.Debug|iPhone.ActiveCfg = Debug|x86
		{630FB747-8869-4030-8550-D5017774C40B}.Debug|iPhoneSimulator.ActiveCfg = Debug|x86
		{630FB747-8869-4030-8550-D5017774C40B}.Debug|x64.ActiveCfg = Debug|x64
		{630FB747-8869-4030-8550-D5017774C40B}.Debug|x64.Build.0 = Debug|x64
		{630FB747-8869-4030-8550-D5017774C40B}.Debug|x64.Deploy.0 = Debug|x64
		{630FB747-8869-4030-8550-D5017774C40B}.Debug|x86.ActiveCfg = Debug|x86
		{630FB747-8869-4030-8550-D5017774C40B}.Debug|x86.Build.0 = Debug|x86
		{630FB747-8869-4030-8550-D5017774C40B}.Debug|x86.Deploy.0 = Debug|x86
		{630FB747-8869-4030-8550-D5017774C40B}.Release|Any CPU.ActiveCfg = Release|x86
		{630FB747-8869-4030-8550-D5017774C40B}.Release|ARM.ActiveCfg = Release|ARM
		{630FB747-8869-4030-8550-D5017774C40B}.Release|ARM.Build.0 = Release|ARM
		{630FB747-8869-4030-8550-D5017774C40B}.Release|ARM.Deploy.0 = Release|ARM
		{630FB747-8869-4030-8550-D5017774C40B}.Release|iPhone.ActiveCfg = Release|x86
		{630FB747-8869-4030-8550-D5017774C40B}.Release|iPhoneSimulator.ActiveCfg = Release|x86
		{630FB747-8869-4030-8550-D5017774C40B}.Release|x64.ActiveCfg = Release|x64
		{630FB747-8869-4030-8550-D5017774C40B}.Release|x64.Build.0 = Release|x64
		{630FB747-8869-4030-8550-D5017774C40B}.Release|x64.Deploy.0 = Release|x64
		{630FB747-8869-4030-8550-D5017774C40B}.Release|x86.ActiveCfg = Release|x86
		{630FB747-8869-4030-8550-D5017774C40B}.Release|x86.Build.0 = Release|x86
		{630FB747-8869-4030-8550-D5017774C40B}.Release|x86.Deploy.0 = Release|x86
	EndGlobalSection
	GlobalSection(SolutionProperties) = preSolution
		HideSolutionNode = FALSE
	EndGlobalSection
	GlobalSection(ExtensibilityGlobals) = postSolution
		SolutionGuid = {837970EF-3CB7-4641-A5B4-01C4FD2AF414}
	EndGlobalSection
EndGlobal
